{
  "requires": true,
  "lockfileVersion": 1,
  "dependencies": {
    "@types/events": {
      "version": "3.0.0",
      "resolved": "https://registry.npmjs.org/@types/events/-/events-3.0.0.tgz",
      "integrity": "sha512-EaObqwIvayI5a8dCzhFrjKzVwKLxjoG9T6Ppd5CEo07LRKfQ8Yokw54r5+Wq7FaBQ+yXRvQAYPrHwya1/UFt9g=="
    },
    "attempt-x": {
      "version": "2.1.2",
      "resolved": "https://registry.npmjs.org/attempt-x/-/attempt-x-2.1.2.tgz",
      "integrity": "sha512-vblT/0yT5dmm2qo8mfBjtiu0BGL/HWhxBFTrqHvkjQQSsXb/sTmpYIi1StJGSN5W/TX2E+FsuX7c23ExMZy2jw==",
      "requires": {
        "simple-call-x": "^1.0.3",
        "util-pusher-x": "^1.0.3"
      }
    },
    "events": {
      "version": "3.0.0",
      "resolved": "https://registry.npmjs.org/events/-/events-3.0.0.tgz",
      "integrity": "sha512-Dc381HFWJzEOhQ+d8pkNon++bk9h6cdAoAj4iE6Q4y6xgTzySWXlKn05/TVNpjnfRqi/X0EpJEJohPjNI3zpVA=="
    },
    "has-boxed-string-x": {
      "version": "2.1.1",
      "resolved": "https://registry.npmjs.org/has-boxed-string-x/-/has-boxed-string-x-2.1.1.tgz",
      "integrity": "sha512-1MmOo3H8UbI6JQ3e3TaxAXHQmpnyrM5DjYRqRXNvjl/UHZqb2fEyfp0UPvtbzvmOf0+sBzcv4ea/LEw87WNyVA=="
    },
    "has-symbol-support-x": {
      "version": "2.1.2",
      "resolved": "https://registry.npmjs.org/has-symbol-support-x/-/has-symbol-support-x-2.1.2.tgz",
      "integrity": "sha512-RpWVMhXSkiJCXI7+bavsapHwlS0VD7rCOSwhzcy0yZzFXxr+FznUBK4OkECVH/EOM1ZoVXw8OzABIEvaEFl+Zg==",
      "requires": {
        "attempt-x": "^2.1.2",
        "is-symbol": "^1.0.2"
      }
    },
    "has-symbols": {
      "version": "1.0.1",
      "resolved": "https://registry.npmjs.org/has-symbols/-/has-symbols-1.0.1.tgz",
      "integrity": "sha512-PLcsoqu++dmEIZB+6totNFKq/7Do+Z0u4oT0zKOJNl3lYK6vGwwu2hjHs+68OEZbTjiUE9bgOABXbP/GvrS0Kg=="
    },
    "has-to-string-tag-x": {
      "version": "2.1.2",
      "resolved": "https://registry.npmjs.org/has-to-string-tag-x/-/has-to-string-tag-x-2.1.2.tgz",
      "integrity": "sha512-xVv4BRcvyT9FAZSzvWD6tzVWj5JHK2d+mcv2wRSIfNBhG534hSfDGPdtx3hHJUE94BufO+pFyVpKbnaC6dsalA==",
      "requires": {
        "has-symbol-support-x": "^2.1.2",
        "is-symbol": "^1.0.2"
      }
    },
    "has-working-bind-x": {
      "version": "1.0.1",
      "resolved": "https://registry.npmjs.org/has-working-bind-x/-/has-working-bind-x-1.0.1.tgz",
      "integrity": "sha512-iVknmNYk7CdVSDsdIyaeyPNPHlhoESfNEztH9J6kUayhj123M1so039HfC91vAOtR4NyLXWyvaFiNaXvmT/JRQ==",
      "requires": {
        "noop-x": "^1.2.1"
      }
    },
    "is-function-x": {
      "version": "4.1.2",
      "resolved": "https://registry.npmjs.org/is-function-x/-/is-function-x-4.1.2.tgz",
      "integrity": "sha512-Ddyyh7mT7Wa4/WCvJ1yHOVQ8Sy+fx76PlfNYoKWJAPUj3O+DjYRQF4NdZ8zRIpkN08Oyto0yPkckUrShYthrFQ==",
      "requires": {
        "attempt-x": "^2.1.2",
        "has-to-string-tag-x": "^2.1.2",
        "is-primitive-x": "^1.0.1",
        "normalize-space-x": "^4.1.2",
        "replace-comments-x": "^3.1.2",
        "simple-methodize-x": "^1.0.4",
        "to-boolean-x": "^2.1.1",
        "to-string-tag-x": "^2.1.2"
      }
    },
    "is-nil-x": {
      "version": "2.1.1",
      "resolved": "https://registry.npmjs.org/is-nil-x/-/is-nil-x-2.1.1.tgz",
      "integrity": "sha512-8PThmdFnNVMfzg+rsUD9lWnZ9PMOPsOzDTxTycc5xIU7nlu8jEFhIj6wk+1yTeu2UHoyj78mueL9kh/eLIGumQ=="
    },
    "is-primitive-x": {
      "version": "1.0.1",
      "resolved": "https://registry.npmjs.org/is-primitive-x/-/is-primitive-x-1.0.1.tgz",
      "integrity": "sha512-Z29Qi/aRkELj6LO3LnnSAPN1929UIpY0h0yha5zULYo3VY1Q8hr2ocAE/fVZf22D8LFwoDoGSZwepbk7nvv+Ag=="
    },
    "is-string": {
      "version": "1.0.5",
      "resolved": "https://registry.npmjs.org/is-string/-/is-string-1.0.5.tgz",
      "integrity": "sha512-buY6VNRjhQMiF1qWDouloZlQbRhDPCebwxSjxMjxgemYT46YMd2NR0/H+fBhEfWX4A/w9TBJ+ol+okqJKFE6vQ=="
    },
    "is-symbol": {
      "version": "1.0.3",
      "resolved": "https://registry.npmjs.org/is-symbol/-/is-symbol-1.0.3.tgz",
      "integrity": "sha512-OwijhaRSgqvhm/0ZdAcXNZt9lYdKFpcRDT5ULUuYXPoT794UNOdU+gpT6Rzo7b4V2HUl/op6GqY894AZwv9faQ==",
      "requires": {
        "has-symbols": "^1.0.1"
      }
    },
    "lodash": {
      "version": "4.17.15",
      "resolved": "https://registry.npmjs.org/lodash/-/lodash-4.17.15.tgz",
      "integrity": "sha512-8xOcRHvCjnocdS5cpwXQXVzmmh5e5+saE2QGoeQmbKmRS6J3VQppPOIt0MnmE+4xlZoumy0GPG0D0MVIQbNA1A=="
    },
    "noop-x": {
      "version": "1.2.1",
      "resolved": "https://registry.npmjs.org/noop-x/-/noop-x-1.2.1.tgz",
      "integrity": "sha512-X+jn3u2YhlAjteZIfrcVxaDLRfnrMvkzQ+jRatOX8UO7PFqU0QKlcyI2DhvLKEK2K4u1cRrZw9QqK3XruvyH2A=="
    },
    "normalize-space-x": {
      "version": "4.1.2",
      "resolved": "https://registry.npmjs.org/normalize-space-x/-/normalize-space-x-4.1.2.tgz",
      "integrity": "sha512-nADMBxZ8tCAS/VR6s+EU7p2P/+Hs0GSmUvkXyThZmdACqDIeyAmRHi4aRsbR32Ec0H+AC71srh2l3I5CF0NKvw==",
      "requires": {
        "simple-methodize-x": "^1.0.4",
        "trim-x": "^4.1.2",
        "white-space-x": "^4.1.1"
      }
    },
    "replace-comments-x": {
      "version": "3.1.2",
      "resolved": "https://registry.npmjs.org/replace-comments-x/-/replace-comments-x-3.1.2.tgz",
      "integrity": "sha512-Ig8PT8++5YLhTDD8EokcTyawaULbOzzeFk8Tb6VVAVqiqZ5ZFcU1/fBw9IEwjd8r3wMm6HSZmQOCYYYny8dGnw==",
      "requires": {
        "require-coercible-to-string-x": "^2.1.1",
        "simple-methodize-x": "^1.0.4",
        "to-string-x": "^2.1.1"
      }
    },
    "require-coercible-to-string-x": {
      "version": "2.1.1",
      "resolved": "https://registry.npmjs.org/require-coercible-to-string-x/-/require-coercible-to-string-x-2.1.1.tgz",
      "integrity": "sha512-/6GKFuhc8z1zBXkTLQDH1OrbkeMWKwvJbjkLFMiKi3LOBpn+5pAdgV5B8Y4vXWrlwhvpIeg3dFRFDZdcyBDQyA==",
      "requires": {
        "require-object-coercible-x": "^2.1.1",
        "to-string-x": "^2.1.1"
      }
    },
    "require-object-coercible-x": {
      "version": "2.1.1",
      "resolved": "https://registry.npmjs.org/require-object-coercible-x/-/require-object-coercible-x-2.1.1.tgz",
      "integrity": "sha512-te3nTMzvKCUMIRBQYAtLAPMfXvYnYCijZplqA3/VdSGFFNzgkiuaUGUQdZDSHhK20Z7xewHRWW4XkVpUVrQwMA==",
      "requires": {
        "is-nil-x": "^2.1.1"
      }
    },
    "simple-bind-x": {
      "version": "1.0.3",
      "resolved": "https://registry.npmjs.org/simple-bind-x/-/simple-bind-x-1.0.3.tgz",
      "integrity": "sha512-UNt+DzNdI/a6dfkpJoGTCarOKnBBNxTwcjrCqQWtHQ5NZtI0fdjL4hB4YtYCbOETGnNw5/e69K6URhSs738KLg==",
      "requires": {
        "has-working-bind-x": "^1.0.1",
        "util-pusher-x": "^1.0.3"
      }
    },
    "simple-call-x": {
      "version": "1.0.3",
      "resolved": "https://registry.npmjs.org/simple-call-x/-/simple-call-x-1.0.3.tgz",
      "integrity": "sha512-f80t0ft82q15coHABjl95mnqCDIkpxLeQzfwdwtc0bx0FTnsS8uKDseyY0Pxa2O6Oh5Lpe2QKG2Q3NXWPjxEMQ==",
      "requires": {
        "simple-bind-x": "^1.0.3",
        "util-pusher-x": "^1.0.3"
      }
    },
    "simple-methodize-x": {
      "version": "1.0.4",
      "resolved": "https://registry.npmjs.org/simple-methodize-x/-/simple-methodize-x-1.0.4.tgz",
      "integrity": "sha512-omskIMJiH/urw+5mzLDYsV7yVFigo5LHTA24CHAFkh+HmZ53eQtfoeh4nkGI03JFCacAnL1uhNCyMlJTecXvzg==",
      "requires": {
        "simple-call-x": "^1.0.3",
        "util-pusher-x": "^1.0.3"
      }
    },
    "to-boolean-x": {
      "version": "2.1.1",
      "resolved": "https://registry.npmjs.org/to-boolean-x/-/to-boolean-x-2.1.1.tgz",
      "integrity": "sha512-ir6nGXyTFDPIUiMuePbGIx5UnY6JbxMw7e18djKrDHhXvt14pbhsbatFzySIVW++4vevTtQNYinh8bKOCW//KQ=="
    },
    "to-string-tag-x": {
      "version": "2.1.2",
      "resolved": "https://registry.npmjs.org/to-string-tag-x/-/to-string-tag-x-2.1.2.tgz",
      "integrity": "sha512-854igRa+5oWpAy2Y+SwGbjyjgFNfl1gIJH9ShVeXJYuKHIt8NS17sFllysRtFOD1iemNoGbVbTnI1qFDyjjGQw==",
      "requires": {
        "simple-methodize-x": "^1.0.4"
      }
    },
    "to-string-x": {
      "version": "2.1.1",
      "resolved": "https://registry.npmjs.org/to-string-x/-/to-string-x-2.1.1.tgz",
      "integrity": "sha512-4R9y5W1m3YxHM4MGtgudgtVsx7mTTtyI7qC5wiuoJt3fwJEiNBBInmwggGawJELSY7aDajIaVyWziq46bimupw==",
      "requires": {
        "is-symbol": "^1.0.2"
      }
    },
    "trim-left-x": {
      "version": "4.1.2",
      "resolved": "https://registry.npmjs.org/trim-left-x/-/trim-left-x-4.1.2.tgz",
      "integrity": "sha512-yJeikzHJkxBygGAhXIVxxFuRqO0jptEx91+U7bS2il6uCZ/CAOWySArfOt35ZwzTyXfnfiB+BhvxvE2TroVcxA==",
      "requires": {
        "require-coercible-to-string-x": "^2.1.1",
        "simple-methodize-x": "^1.0.4",
        "white-space-x": "^4.1.1"
      }
    },
    "trim-right-x": {
      "version": "4.1.2",
      "resolved": "https://registry.npmjs.org/trim-right-x/-/trim-right-x-4.1.2.tgz",
      "integrity": "sha512-//Z+2PD4eS9lh2lZjalpBEII7Ef2DaDQ5s1OOx1JK1L90WWfrqdC9/vX8f467lmahNGkxoxmHWwNDN6XdK0oKg==",
      "requires": {
        "require-coercible-to-string-x": "^2.1.1",
        "simple-methodize-x": "^1.0.4",
        "white-space-x": "^4.1.1"
      }
    },
    "trim-x": {
      "version": "4.1.2",
      "resolved": "https://registry.npmjs.org/trim-x/-/trim-x-4.1.2.tgz",
      "integrity": "sha512-Cr4fnQ52a57JCX20SzyvRyLcMvKgKd9lcf7Jh/oa1w4FfH1kGT6F7/HjNiAJZyDW+xdLLH6KhrfRhvoIYZKROA==",
      "requires": {
        "trim-left-x": "^4.1.2",
        "trim-right-x": "^4.1.2"
      }
    },
    "util-pusher-x": {
      "version": "1.0.3",
      "resolved": "https://registry.npmjs.org/util-pusher-x/-/util-pusher-x-1.0.3.tgz",
      "integrity": "sha512-+hCPl/DrppZRn/RHYnUcNwckR4h5s06pUELCSGEMhdYSy7N6dIfvozR482w5j2+eKfXvDISL/QNlTnRPB2skDw==",
      "requires": {
        "has-boxed-string-x": "^2.1.1",
        "has-working-bind-x": "^1.0.1",
        "is-primitive-x": "^1.0.1",
        "is-string": "^1.0.4"
      }
    },
    "white-space-x": {
      "version": "4.1.1",
      "resolved": "https://registry.npmjs.org/white-space-x/-/white-space-x-4.1.1.tgz",
      "integrity": "sha512-eVlQcQLfYCUhM+oSoyKzn1j+z//UHbe9Lqr6xUeR/YG4n9AobOtLVdHnj69MJK8LaW3fqSm4n+hAbfPi/1M5/Q=="
    }
  }
}
